
Microsoft Visual Studio Solution File, Format Version 12.00
# Visual Studio 2012
Project("{FAE04EC0-301F-11D3-BF4B-00C04F79EFBC}") = "CrossViewModelCommunication", "CrossViewModelCommunication\CrossViewModelCommunication.csproj", "{4C7A9D98-00D0-40CC-A9BB-558AB98B6475}"
EndProject
Project("{FAE04EC0-301F-11D3-BF4B-00C04F79EFBC}") = "UnitTests", "UnitTests\UnitTests.csproj", "{B388DF66-7E18-4724-A920-07F3584DDBFD}"
EndProject
Global
	GlobalSection(SolutionConfigurationPlatforms) = preSolution
		Debug|Any CPU = Debug|Any CPU
		Release|Any CPU = Release|Any CPU
	EndGlobalSection
	GlobalSection(ProjectConfigurationPlatforms) = postSolution
		{4C7A9D98-00D0-40CC-A9BB-558AB98B6475}.Debug|Any CPU.ActiveCfg = Debug|Any CPU
		{4C7A9D98-00D0-40CC-A9BB-558AB98B6475}.Debug|Any CPU.Build.0 = Debug|Any CPU
		{4C7A9D98-00D0-40CC-A9BB-558AB98B6475}.Release|Any CPU.ActiveCfg = Release|Any CPU
		{4C7A9D98-00D0-40CC-A9BB-558AB98B6475}.Release|Any CPU.Build.0 = Release|Any CPU
		{B388DF66-7E18-4724-A920-07F3584DDBFD}.Debug|Any CPU.ActiveCfg = Debug|Any CPU
		{B388DF66-7E18-4724-A920-07F3584DDBFD}.Debug|Any CPU.Build.0 = Debug|Any CPU
		{B388DF66-7E18-4724-A920-07F3584DDBFD}.Release|Any CPU.ActiveCfg = Release|Any CPU
		{B388DF66-7E18-4724-A920-07F3584DDBFD}.Release|Any CPU.Build.0 = Release|Any CPU
	EndGlobalSection
	GlobalSection(SolutionProperties) = preSolution
		HideSolutionNode = FALSE
	EndGlobalSection
EndGlobal
